
Microsoft Visual Studio Solution File, Format Version 12.00
# Visual Studio Version 17
VisualStudioVersion = 17.4.33103.184
MinimumVisualStudioVersion = 10.0.40219.1
Project("{2150E333-8FDC-42A3-9474-1A3956D46DE8}") = "Lab0", "Lab0", "{DF26816E-CB76-4099-8153-7546398AD6B7}"
EndProject
Project("{9A19103F-16F7-4668-BE54-9A1E7A4F7556}") = "Tyuiu.MaltsevVS.ConsoleApp.Lab0.V0", "Tyuiu.MaltsevVS.ConsoleApp.Lab0.V0\Tyuiu.MaltsevVS.ConsoleApp.Lab0.V0.csproj", "{8F976085-9BA1-4723-A8DF-44A8D67247F0}"
EndProject
Project("{9A19103F-16F7-4668-BE54-9A1E7A4F7556}") = "Tyuiu.MaltsevVS.ConsoleApp.Lab0.V0.Lib", "Tyuiu.MaltsevVS.ConsoleApp.Lab0.V0.Lib\Tyuiu.MaltsevVS.ConsoleApp.Lab0.V0.Lib.csproj", "{320D78C4-DFC2-40C4-9D8A-6021B34D0DCF}"
EndProject
Project("{9A19103F-16F7-4668-BE54-9A1E7A4F7556}") = "Tyuiu.MaltsevVS.ConsoleApp.Lab0.V0.test", "Tyuiu.MaltsevVS.ConsoleApp.Lab0.V0.test\Tyuiu.MaltsevVS.ConsoleApp.Lab0.V0.test.csproj", "{65961F49-B517-4E45-856B-747A0F9827A9}"
EndProject
Project("{2150E333-8FDC-42A3-9474-1A3956D46DE8}") = "Lab1", "Lab1", "{8A8C1BCF-FEE4-42D3-89DC-4E451A4E09A3}"
EndProject
Project("{9A19103F-16F7-4668-BE54-9A1E7A4F7556}") = "Tyuiu.MaltsevVS.ConsoleApp.Lab1.V0.Lib", "Tyuiu.MaltsevVS.ConsoleApp.Lab1.V0.Lib\Tyuiu.MaltsevVS.ConsoleApp.Lab1.V0.Lib.csproj", "{369126B5-89C1-41FA-9577-88122D22AA33}"
EndProject
Project("{9A19103F-16F7-4668-BE54-9A1E7A4F7556}") = "Tyuiu.MaltsevVS.ConsoleApp.Lab1.V0", "Tyuiu.MaltsevVS.ConsoleApp.Lab1.V0\Tyuiu.MaltsevVS.ConsoleApp.Lab1.V0.csproj", "{7CD367B1-1BB7-4BBA-879D-224EC4EB4EDE}"
EndProject
Project("{9A19103F-16F7-4668-BE54-9A1E7A4F7556}") = "Tyuiu.MaltsevVS.ConsoleApp.Lab1.V0.test", "Tyuiu.MaltsevVS.ConsoleApp.Lab1.V0.test\Tyuiu.MaltsevVS.ConsoleApp.Lab1.V0.test.csproj", "{8B80DCF7-09E3-450B-80EA-8DC2451C2B96}"
EndProject
Project("{2150E333-8FDC-42A3-9474-1A3956D46DE8}") = "Lab2", "Lab2", "{0AE38D98-FF1B-4FA3-B69C-51958DDB8AA2}"
EndProject
Project("{9A19103F-16F7-4668-BE54-9A1E7A4F7556}") = "Tyuiu.MaltsevVS.ConsoleApp.Lab2.V0", "Tyuiu.MaltsevVS.ConsoleApp.Lab2.V0\Tyuiu.MaltsevVS.ConsoleApp.Lab2.V0.csproj", "{E3A669E7-3894-4534-9E5E-333BC38C87D3}"
EndProject
Project("{9A19103F-16F7-4668-BE54-9A1E7A4F7556}") = "Tyuiu.MaltsevVS.ConsoleApp.Lab2.V0.Lib", "Tyuiu.MaltsevVS.ConsoleApp.Lab2.V0.Lib\Tyuiu.MaltsevVS.ConsoleApp.Lab2.V0.Lib.csproj", "{A248608C-07B9-4943-8757-DC46A7A026C6}"
EndProject
Project("{9A19103F-16F7-4668-BE54-9A1E7A4F7556}") = "Tyuiu.MaltsevVS.ConsoleApp.Lab2.V0.test", "Tyuiu.MaltsevVS.ConsoleApp.Lab2.V0.test\Tyuiu.MaltsevVS.ConsoleApp.Lab2.V0.test.csproj", "{AD52D262-1AC8-4D34-B223-69827CFC9D4C}"
EndProject
Project("{2150E333-8FDC-42A3-9474-1A3956D46DE8}") = "Lab3", "Lab3", "{35CE09A1-1CDF-470E-BCA9-B70DD056CBD7}"
EndProject
Project("{9A19103F-16F7-4668-BE54-9A1E7A4F7556}") = "Tyuiu.MaltsevVS.ConsoleApp.Lab3.V0", "Tyuiu.MaltsevsVS.ConsoleApp.Lab3.V0\Tyuiu.MaltsevVS.ConsoleApp.Lab3.V0.csproj", "{E68B1329-8BCB-4B89-B31B-CE90ED58F71A}"
EndProject
Project("{9A19103F-16F7-4668-BE54-9A1E7A4F7556}") = "Tyuiu.MaltsevVS.ConsoleApp.Lab3.V0.Lib", "Tyuiu.MaltsevVS.ConsoleApp.Lab3.V0.Lib\Tyuiu.MaltsevVS.ConsoleApp.Lab3.V0.Lib.csproj", "{1EB7F50F-83F4-43F4-9870-725FB28A6D4E}"
EndProject
Project("{9A19103F-16F7-4668-BE54-9A1E7A4F7556}") = "Tyuiu.MaltsevVS.ConsoleApp.Lab3.V0.Test", "Tyuiu.MaltsevVS.ConsoleApp.Lab3.V0.Test\Tyuiu.MaltsevVS.ConsoleApp.Lab3.V0.Test.csproj", "{27B1654B-3CC0-4396-93D0-6409CD9BE1DC}"
EndProject
Project("{9A19103F-16F7-4668-BE54-9A1E7A4F7556}") = "Tyuiu.MaltsevVS.ConsoleApp.Lab3.V3", "Tyuiu.MaltsevVS.ConsoleApp.Lab3.V3\Tyuiu.MaltsevVS.ConsoleApp.Lab3.V3.csproj", "{F7971F6C-DCD3-447C-A466-347A00C1C421}"
EndProject
Project("{9A19103F-16F7-4668-BE54-9A1E7A4F7556}") = "Tyuiu.MaltsevVS.ConsoleApp.Lab3.V3.Lib", "Tyuiu.MaltsevVS.ConsoleApp.Lab3.V3.Lib\Tyuiu.MaltsevVS.ConsoleApp.Lab3.V3.Lib.csproj", "{CA11DBD4-79E6-41D6-8CA7-77E0841EA80C}"
EndProject
Project("{9A19103F-16F7-4668-BE54-9A1E7A4F7556}") = "Tyuiu.MaltsevVS.ConsoleApp.Lab3.V3.Test", "Tyuiu.MaltsevVS.ConsoleApp.Lab3.V3.Test\Tyuiu.MaltsevVS.ConsoleApp.Lab3.V3.Test.csproj", "{8B707502-F50D-4A06-9A47-1E103A0D64C4}"
EndProject
Project("{2150E333-8FDC-42A3-9474-1A3956D46DE8}") = "Lab4", "Lab4", "{7AF3ECD7-1384-4497-8E6D-CB0D60E5E430}"
EndProject
Project("{9A19103F-16F7-4668-BE54-9A1E7A4F7556}") = "Tyuiu.MaltsevVS.ConsoleApp.Lab4.V0", "Tyuiu.MaltsevVS.ConsoleApp.Lab4.V0\Tyuiu.MaltsevVS.ConsoleApp.Lab4.V0.csproj", "{A3EEF51F-6A5D-4EC3-B550-636F7BA2E18B}"
EndProject
Project("{9A19103F-16F7-4668-BE54-9A1E7A4F7556}") = "Tyuiu.MaltsevVS.ConsoleApp.Lab4.V0.Lib", "Tyuiu.MaltsevVS.ConsoleApp.Lab4.V0.Lib\Tyuiu.MaltsevVS.ConsoleApp.Lab4.V0.Lib.csproj", "{5806130D-4011-4FDD-A621-AF87432A1C16}"
EndProject
Project("{9A19103F-16F7-4668-BE54-9A1E7A4F7556}") = "Tyuiu.MaltsevVS.ConsoleApp.Lab4.V0.Test", "Tyuiu.MaltsevVS.ConsoleApp.Lab4.V0.Test\Tyuiu.MaltsevVS.ConsoleApp.Lab4.V0.Test.csproj", "{CDC875F9-7799-4DB7-B9C5-ED499C3360D6}"
EndProject
Project("{2150E333-8FDC-42A3-9474-1A3956D46DE8}") = "Lab5", "Lab5", "{F5DA7EC2-1A6C-42CB-B2E1-ADD4698C9E13}"
EndProject
Project("{9A19103F-16F7-4668-BE54-9A1E7A4F7556}") = "Tyuiu.MaltsevVS.ConsoleApp.Lab5.V0", "Tyuiu.MaltsevVS.ConsoleApp.Lab5.V0\Tyuiu.MaltsevVS.ConsoleApp.Lab5.V0.csproj", "{6B432F6E-E601-40FD-9EAA-CA7007A06CA9}"
EndProject
Project("{9A19103F-16F7-4668-BE54-9A1E7A4F7556}") = "Tyuiu.MaltsevVS.ConsoleApp.Lab5.V0.Lib", "Tyuiu.MaltsevVS.ConsoleApp.Lab5.V0.Lib\Tyuiu.MaltsevVS.ConsoleApp.Lab5.V0.Lib.csproj", "{9E350F2C-7657-40D1-AF4B-9CD88EC823DD}"
EndProject
Project("{9A19103F-16F7-4668-BE54-9A1E7A4F7556}") = "Tyuiu.MaltsevVS.ConsoleApp.Lab5.V0.Test", "Tyuiu.MaltsevVS.ConsoleApp.Lab5.V0.Test\Tyuiu.MaltsevVS.ConsoleApp.Lab5.V0.Test.csproj", "{161BFBB8-4309-4423-A3C3-C0274A8E6A1A}"
EndProject
Project("{2150E333-8FDC-42A3-9474-1A3956D46DE8}") = "Lab6", "Lab6", "{592EA5A4-FD1E-421B-9F45-D6B796E82C7B}"
EndProject
Project("{9A19103F-16F7-4668-BE54-9A1E7A4F7556}") = "Tyuiu.MaltsevVS.ConsoleApp.Lab6.V0", "Tyuiu.MaltsevVS.ConsoleApp.Lab6.V0\Tyuiu.MaltsevVS.ConsoleApp.Lab6.V0.csproj", "{FB963262-2DBB-4EEA-BF24-5119CADB13EC}"
EndProject
Project("{9A19103F-16F7-4668-BE54-9A1E7A4F7556}") = "Tyuiu.MaltsevVS.ConsoleApp.Lab6.V0.Lib", "Tyuiu.MaltsevVS.ConsoleApp.Lab6.V0.Lib\Tyuiu.MaltsevVS.ConsoleApp.Lab6.V0.Lib.csproj", "{658E53E9-45D7-419D-8C45-0F69CC18DA22}"
EndProject
Project("{9A19103F-16F7-4668-BE54-9A1E7A4F7556}") = "Tyuiu.MaltsevVS.ConsoleApp.Lab6.V0.Test", "Tyuiu.MaltsevVS.ConsoleApp.Lab6.V0.Test\Tyuiu.MaltsevVS.ConsoleApp.Lab6.V0.Test.csproj", "{9E11D1DB-B773-4E43-B21D-81D0C1F2ABD0}"
EndProject
Project("{2150E333-8FDC-42A3-9474-1A3956D46DE8}") = "Lab7", "Lab7", "{8B77F75B-E4CF-4CBE-AA83-C1FF0114736F}"
EndProject
Project("{FAE04EC0-301F-11D3-BF4B-00C04F79EFBC}") = "Tyuiu.MaltsevVS.ConsoleApp.Lab7.V0", "Tyuiu.MaltsevVS.ConsoleApp.Lab7.V0\Tyuiu.MaltsevVS.ConsoleApp.Lab7.V0.csproj", "{DE44BC2D-4A19-4611-82B0-5B9CEE4E10A2}"
EndProject
Project("{FAE04EC0-301F-11D3-BF4B-00C04F79EFBC}") = "Tyuiu.MaltsevVS.ConsoleApp.Lab7.V0.Lib", "Tyuiu.MaltsevVS.ConsoleApp.Lab7.V0.Lib\Tyuiu.MaltsevVS.ConsoleApp.Lab7.V0.Lib.csproj", "{610DF63B-7E40-4012-B728-D2CAB588DAD5}"
EndProject
Project("{FAE04EC0-301F-11D3-BF4B-00C04F79EFBC}") = "Tyuiu.MaltsevVS.ConsoleApp.Lab7.V0.Test", "Tyuiu.MaltsevVS.ConsoleApp.Lab7.V0.Test\Tyuiu.MaltsevVS.ConsoleApp.Lab7.V0.Test.csproj", "{80655A1C-1775-460A-991C-4F40856CBD30}"
EndProject
Global
	GlobalSection(SolutionConfigurationPlatforms) = preSolution
		Debug|Any CPU = Debug|Any CPU
		Debug|ARM = Debug|ARM
		Debug|ARM64 = Debug|ARM64
		Debug|x64 = Debug|x64
		Debug|x86 = Debug|x86
		Release|Any CPU = Release|Any CPU
		Release|ARM = Release|ARM
		Release|ARM64 = Release|ARM64
		Release|x64 = Release|x64
		Release|x86 = Release|x86
	EndGlobalSection
	GlobalSection(ProjectConfigurationPlatforms) = postSolution
		{8F976085-9BA1-4723-A8DF-44A8D67247F0}.Debug|Any CPU.ActiveCfg = Debug|Any CPU
		{8F976085-9BA1-4723-A8DF-44A8D67247F0}.Debug|Any CPU.Build.0 = Debug|Any CPU
		{8F976085-9BA1-4723-A8DF-44A8D67247F0}.Debug|ARM.ActiveCfg = Debug|Any CPU
		{8F976085-9BA1-4723-A8DF-44A8D67247F0}.Debug|ARM.Build.0 = Debug|Any CPU
		{8F976085-9BA1-4723-A8DF-44A8D67247F0}.Debug|ARM64.ActiveCfg = Debug|Any CPU
		{8F976085-9BA1-4723-A8DF-44A8D67247F0}.Debug|ARM64.Build.0 = Debug|Any CPU
		{8F976085-9BA1-4723-A8DF-44A8D67247F0}.Debug|x64.ActiveCfg = Debug|Any CPU
		{8F976085-9BA1-4723-A8DF-44A8D67247F0}.Debug|x64.Build.0 = Debug|Any CPU
		{8F976085-9BA1-4723-A8DF-44A8D67247F0}.Debug|x86.ActiveCfg = Debug|Any CPU
		{8F976085-9BA1-4723-A8DF-44A8D67247F0}.Debug|x86.Build.0 = Debug|Any CPU
		{8F976085-9BA1-4723-A8DF-44A8D67247F0}.Release|Any CPU.ActiveCfg = Release|Any CPU
		{8F976085-9BA1-4723-A8DF-44A8D67247F0}.Release|Any CPU.Build.0 = Release|Any CPU
		{8F976085-9BA1-4723-A8DF-44A8D67247F0}.Release|ARM.ActiveCfg = Release|Any CPU
		{8F976085-9BA1-4723-A8DF-44A8D67247F0}.Release|ARM.Build.0 = Release|Any CPU
		{8F976085-9BA1-4723-A8DF-44A8D67247F0}.Release|ARM64.ActiveCfg = Release|Any CPU
		{8F976085-9BA1-4723-A8DF-44A8D67247F0}.Release|ARM64.Build.0 = Release|Any CPU
		{8F976085-9BA1-4723-A8DF-44A8D67247F0}.Release|x64.ActiveCfg = Release|Any CPU
		{8F976085-9BA1-4723-A8DF-44A8D67247F0}.Release|x64.Build.0 = Release|Any CPU
		{8F976085-9BA1-4723-A8DF-44A8D67247F0}.Release|x86.ActiveCfg = Release|Any CPU
		{8F976085-9BA1-4723-A8DF-44A8D67247F0}.Release|x86.Build.0 = Release|Any CPU
		{320D78C4-DFC2-40C4-9D8A-6021B34D0DCF}.Debug|Any CPU.ActiveCfg = Debug|Any CPU
		{320D78C4-DFC2-40C4-9D8A-6021B34D0DCF}.Debug|Any CPU.Build.0 = Debug|Any CPU
		{320D78C4-DFC2-40C4-9D8A-6021B34D0DCF}.Debug|ARM.ActiveCfg = Debug|Any CPU
		{320D78C4-DFC2-40C4-9D8A-6021B34D0DCF}.Debug|ARM.Build.0 = Debug|Any CPU
		{320D78C4-DFC2-40C4-9D8A-6021B34D0DCF}.Debug|ARM64.ActiveCfg = Debug|Any CPU
		{320D78C4-DFC2-40C4-9D8A-6021B34D0DCF}.Debug|ARM64.Build.0 = Debug|Any CPU
		{320D78C4-DFC2-40C4-9D8A-6021B34D0DCF}.Debug|x64.ActiveCfg = Debug|Any CPU
		{320D78C4-DFC2-40C4-9D8A-6021B34D0DCF}.Debug|x64.Build.0 = Debug|Any CPU
		{320D78C4-DFC2-40C4-9D8A-6021B34D0DCF}.Debug|x86.ActiveCfg = Debug|Any CPU
		{320D78C4-DFC2-40C4-9D8A-6021B34D0DCF}.Debug|x86.Build.0 = Debug|Any CPU
		{320D78C4-DFC2-40C4-9D8A-6021B34D0DCF}.Release|Any CPU.ActiveCfg = Release|Any CPU
		{320D78C4-DFC2-40C4-9D8A-6021B34D0DCF}.Release|Any CPU.Build.0 = Release|Any CPU
		{320D78C4-DFC2-40C4-9D8A-6021B34D0DCF}.Release|ARM.ActiveCfg = Release|Any CPU
		{320D78C4-DFC2-40C4-9D8A-6021B34D0DCF}.Release|ARM.Build.0 = Release|Any CPU
		{320D78C4-DFC2-40C4-9D8A-6021B34D0DCF}.Release|ARM64.ActiveCfg = Release|Any CPU
		{320D78C4-DFC2-40C4-9D8A-6021B34D0DCF}.Release|ARM64.Build.0 = Release|Any CPU
		{320D78C4-DFC2-40C4-9D8A-6021B34D0DCF}.Release|x64.ActiveCfg = Release|Any CPU
		{320D78C4-DFC2-40C4-9D8A-6021B34D0DCF}.Release|x64.Build.0 = Release|Any CPU
		{320D78C4-DFC2-40C4-9D8A-6021B34D0DCF}.Release|x86.ActiveCfg = Release|Any CPU
		{320D78C4-DFC2-40C4-9D8A-6021B34D0DCF}.Release|x86.Build.0 = Release|Any CPU
		{65961F49-B517-4E45-856B-747A0F9827A9}.Debug|Any CPU.ActiveCfg = Debug|Any CPU
		{65961F49-B517-4E45-856B-747A0F9827A9}.Debug|Any CPU.Build.0 = Debug|Any CPU
		{65961F49-B517-4E45-856B-747A0F9827A9}.Debug|ARM.ActiveCfg = Debug|Any CPU
		{65961F49-B517-4E45-856B-747A0F9827A9}.Debug|ARM.Build.0 = Debug|Any CPU
		{65961F49-B517-4E45-856B-747A0F9827A9}.Debug|ARM64.ActiveCfg = Debug|Any CPU
		{65961F49-B517-4E45-856B-747A0F9827A9}.Debug|ARM64.Build.0 = Debug|Any CPU
		{65961F49-B517-4E45-856B-747A0F9827A9}.Debug|x64.ActiveCfg = Debug|Any CPU
		{65961F49-B517-4E45-856B-747A0F9827A9}.Debug|x64.Build.0 = Debug|Any CPU
		{65961F49-B517-4E45-856B-747A0F9827A9}.Debug|x86.ActiveCfg = Debug|Any CPU
		{65961F49-B517-4E45-856B-747A0F9827A9}.Debug|x86.Build.0 = Debug|Any CPU
		{65961F49-B517-4E45-856B-747A0F9827A9}.Release|Any CPU.ActiveCfg = Release|Any CPU
		{65961F49-B517-4E45-856B-747A0F9827A9}.Release|Any CPU.Build.0 = Release|Any CPU
		{65961F49-B517-4E45-856B-747A0F9827A9}.Release|ARM.ActiveCfg = Release|Any CPU
		{65961F49-B517-4E45-856B-747A0F9827A9}.Release|ARM.Build.0 = Release|Any CPU
		{65961F49-B517-4E45-856B-747A0F9827A9}.Release|ARM64.ActiveCfg = Release|Any CPU
		{65961F49-B517-4E45-856B-747A0F9827A9}.Release|ARM64.Build.0 = Release|Any CPU
		{65961F49-B517-4E45-856B-747A0F9827A9}.Release|x64.ActiveCfg = Release|Any CPU
		{65961F49-B517-4E45-856B-747A0F9827A9}.Release|x64.Build.0 = Release|Any CPU
		{65961F49-B517-4E45-856B-747A0F9827A9}.Release|x86.ActiveCfg = Release|Any CPU
		{65961F49-B517-4E45-856B-747A0F9827A9}.Release|x86.Build.0 = Release|Any CPU
		{369126B5-89C1-41FA-9577-88122D22AA33}.Debug|Any CPU.ActiveCfg = Debug|Any CPU
		{369126B5-89C1-41FA-9577-88122D22AA33}.Debug|Any CPU.Build.0 = Debug|Any CPU
		{369126B5-89C1-41FA-9577-88122D22AA33}.Debug|ARM.ActiveCfg = Debug|Any CPU
		{369126B5-89C1-41FA-9577-88122D22AA33}.Debug|ARM.Build.0 = Debug|Any CPU
		{369126B5-89C1-41FA-9577-88122D22AA33}.Debug|ARM64.ActiveCfg = Debug|Any CPU
		{369126B5-89C1-41FA-9577-88122D22AA33}.Debug|ARM64.Build.0 = Debug|Any CPU
		{369126B5-89C1-41FA-9577-88122D22AA33}.Debug|x64.ActiveCfg = Debug|Any CPU
		{369126B5-89C1-41FA-9577-88122D22AA33}.Debug|x64.Build.0 = Debug|Any CPU
		{369126B5-89C1-41FA-9577-88122D22AA33}.Debug|x86.ActiveCfg = Debug|Any CPU
		{369126B5-89C1-41FA-9577-88122D22AA33}.Debug|x86.Build.0 = Debug|Any CPU
		{369126B5-89C1-41FA-9577-88122D22AA33}.Release|Any CPU.ActiveCfg = Release|Any CPU
		{369126B5-89C1-41FA-9577-88122D22AA33}.Release|Any CPU.Build.0 = Release|Any CPU
		{369126B5-89C1-41FA-9577-88122D22AA33}.Release|ARM.ActiveCfg = Release|Any CPU
		{369126B5-89C1-41FA-9577-88122D22AA33}.Release|ARM.Build.0 = Release|Any CPU
		{369126B5-89C1-41FA-9577-88122D22AA33}.Release|ARM64.ActiveCfg = Release|Any CPU
		{369126B5-89C1-41FA-9577-88122D22AA33}.Release|ARM64.Build.0 = Release|Any CPU
		{369126B5-89C1-41FA-9577-88122D22AA33}.Release|x64.ActiveCfg = Release|Any CPU
		{369126B5-89C1-41FA-9577-88122D22AA33}.Release|x64.Build.0 = Release|Any CPU
		{369126B5-89C1-41FA-9577-88122D22AA33}.Release|x86.ActiveCfg = Release|Any CPU
		{369126B5-89C1-41FA-9577-88122D22AA33}.Release|x86.Build.0 = Release|Any CPU
		{7CD367B1-1BB7-4BBA-879D-224EC4EB4EDE}.Debug|Any CPU.ActiveCfg = Debug|Any CPU
		{7CD367B1-1BB7-4BBA-879D-224EC4EB4EDE}.Debug|Any CPU.Build.0 = Debug|Any CPU
		{7CD367B1-1BB7-4BBA-879D-224EC4EB4EDE}.Debug|ARM.ActiveCfg = Debug|Any CPU
		{7CD367B1-1BB7-4BBA-879D-224EC4EB4EDE}.Debug|ARM.Build.0 = Debug|Any CPU
		{7CD367B1-1BB7-4BBA-879D-224EC4EB4EDE}.Debug|ARM64.ActiveCfg = Debug|Any CPU
		{7CD367B1-1BB7-4BBA-879D-224EC4EB4EDE}.Debug|ARM64.Build.0 = Debug|Any CPU
		{7CD367B1-1BB7-4BBA-879D-224EC4EB4EDE}.Debug|x64.ActiveCfg = Debug|Any CPU
		{7CD367B1-1BB7-4BBA-879D-224EC4EB4EDE}.Debug|x64.Build.0 = Debug|Any CPU
		{7CD367B1-1BB7-4BBA-879D-224EC4EB4EDE}.Debug|x86.ActiveCfg = Debug|Any CPU
		{7CD367B1-1BB7-4BBA-879D-224EC4EB4EDE}.Debug|x86.Build.0 = Debug|Any CPU
		{7CD367B1-1BB7-4BBA-879D-224EC4EB4EDE}.Release|Any CPU.ActiveCfg = Release|Any CPU
		{7CD367B1-1BB7-4BBA-879D-224EC4EB4EDE}.Release|Any CPU.Build.0 = Release|Any CPU
		{7CD367B1-1BB7-4BBA-879D-224EC4EB4EDE}.Release|ARM.ActiveCfg = Release|Any CPU
		{7CD367B1-1BB7-4BBA-879D-224EC4EB4EDE}.Release|ARM.Build.0 = Release|Any CPU
		{7CD367B1-1BB7-4BBA-879D-224EC4EB4EDE}.Release|ARM64.ActiveCfg = Release|Any CPU
		{7CD367B1-1BB7-4BBA-879D-224EC4EB4EDE}.Release|ARM64.Build.0 = Release|Any CPU
		{7CD367B1-1BB7-4BBA-879D-224EC4EB4EDE}.Release|x64.ActiveCfg = Release|Any CPU
		{7CD367B1-1BB7-4BBA-879D-224EC4EB4EDE}.Release|x64.Build.0 = Release|Any CPU
		{7CD367B1-1BB7-4BBA-879D-224EC4EB4EDE}.Release|x86.ActiveCfg = Release|Any CPU
		{7CD367B1-1BB7-4BBA-879D-224EC4EB4EDE}.Release|x86.Build.0 = Release|Any CPU
		{8B80DCF7-09E3-450B-80EA-8DC2451C2B96}.Debug|Any CPU.ActiveCfg = Debug|Any CPU
		{8B80DCF7-09E3-450B-80EA-8DC2451C2B96}.Debug|Any CPU.Build.0 = Debug|Any CPU
		{8B80DCF7-09E3-450B-80EA-8DC2451C2B96}.Debug|ARM.ActiveCfg = Debug|Any CPU
		{8B80DCF7-09E3-450B-80EA-8DC2451C2B96}.Debug|ARM.Build.0 = Debug|Any CPU
		{8B80DCF7-09E3-450B-80EA-8DC2451C2B96}.Debug|ARM64.ActiveCfg = Debug|Any CPU
		{8B80DCF7-09E3-450B-80EA-8DC2451C2B96}.Debug|ARM64.Build.0 = Debug|Any CPU
		{8B80DCF7-09E3-450B-80EA-8DC2451C2B96}.Debug|x64.ActiveCfg = Debug|Any CPU
		{8B80DCF7-09E3-450B-80EA-8DC2451C2B96}.Debug|x64.Build.0 = Debug|Any CPU
		{8B80DCF7-09E3-450B-80EA-8DC2451C2B96}.Debug|x86.ActiveCfg = Debug|Any CPU
		{8B80DCF7-09E3-450B-80EA-8DC2451C2B96}.Debug|x86.Build.0 = Debug|Any CPU
		{8B80DCF7-09E3-450B-80EA-8DC2451C2B96}.Release|Any CPU.ActiveCfg = Release|Any CPU
		{8B80DCF7-09E3-450B-80EA-8DC2451C2B96}.Release|Any CPU.Build.0 = Release|Any CPU
		{8B80DCF7-09E3-450B-80EA-8DC2451C2B96}.Release|ARM.ActiveCfg = Release|Any CPU
		{8B80DCF7-09E3-450B-80EA-8DC2451C2B96}.Release|ARM.Build.0 = Release|Any CPU
		{8B80DCF7-09E3-450B-80EA-8DC2451C2B96}.Release|ARM64.ActiveCfg = Release|Any CPU
		{8B80DCF7-09E3-450B-80EA-8DC2451C2B96}.Release|ARM64.Build.0 = Release|Any CPU
		{8B80DCF7-09E3-450B-80EA-8DC2451C2B96}.Release|x64.ActiveCfg = Release|Any CPU
		{8B80DCF7-09E3-450B-80EA-8DC2451C2B96}.Release|x64.Build.0 = Release|Any CPU
		{8B80DCF7-09E3-450B-80EA-8DC2451C2B96}.Release|x86.ActiveCfg = Release|Any CPU
		{8B80DCF7-09E3-450B-80EA-8DC2451C2B96}.Release|x86.Build.0 = Release|Any CPU
		{E3A669E7-3894-4534-9E5E-333BC38C87D3}.Debug|Any CPU.ActiveCfg = Debug|Any CPU
		{E3A669E7-3894-4534-9E5E-333BC38C87D3}.Debug|Any CPU.Build.0 = Debug|Any CPU
		{E3A669E7-3894-4534-9E5E-333BC38C87D3}.Debug|ARM.ActiveCfg = Debug|Any CPU
		{E3A669E7-3894-4534-9E5E-333BC38C87D3}.Debug|ARM.Build.0 = Debug|Any CPU
		{E3A669E7-3894-4534-9E5E-333BC38C87D3}.Debug|ARM64.ActiveCfg = Debug|Any CPU
		{E3A669E7-3894-4534-9E5E-333BC38C87D3}.Debug|ARM64.Build.0 = Debug|Any CPU
		{E3A669E7-3894-4534-9E5E-333BC38C87D3}.Debug|x64.ActiveCfg = Debug|Any CPU
		{E3A669E7-3894-4534-9E5E-333BC38C87D3}.Debug|x64.Build.0 = Debug|Any CPU
		{E3A669E7-3894-4534-9E5E-333BC38C87D3}.Debug|x86.ActiveCfg = Debug|Any CPU
		{E3A669E7-3894-4534-9E5E-333BC38C87D3}.Debug|x86.Build.0 = Debug|Any CPU
		{E3A669E7-3894-4534-9E5E-333BC38C87D3}.Release|Any CPU.ActiveCfg = Release|Any CPU
		{E3A669E7-3894-4534-9E5E-333BC38C87D3}.Release|Any CPU.Build.0 = Release|Any CPU
		{E3A669E7-3894-4534-9E5E-333BC38C87D3}.Release|ARM.ActiveCfg = Release|Any CPU
		{E3A669E7-3894-4534-9E5E-333BC38C87D3}.Release|ARM.Build.0 = Release|Any CPU
		{E3A669E7-3894-4534-9E5E-333BC38C87D3}.Release|ARM64.ActiveCfg = Release|Any CPU
		{E3A669E7-3894-4534-9E5E-333BC38C87D3}.Release|ARM64.Build.0 = Release|Any CPU
		{E3A669E7-3894-4534-9E5E-333BC38C87D3}.Release|x64.ActiveCfg = Release|Any CPU
		{E3A669E7-3894-4534-9E5E-333BC38C87D3}.Release|x64.Build.0 = Release|Any CPU
		{E3A669E7-3894-4534-9E5E-333BC38C87D3}.Release|x86.ActiveCfg = Release|Any CPU
		{E3A669E7-3894-4534-9E5E-333BC38C87D3}.Release|x86.Build.0 = Release|Any CPU
		{A248608C-07B9-4943-8757-DC46A7A026C6}.Debug|Any CPU.ActiveCfg = Debug|Any CPU
		{A248608C-07B9-4943-8757-DC46A7A026C6}.Debug|Any CPU.Build.0 = Debug|Any CPU
		{A248608C-07B9-4943-8757-DC46A7A026C6}.Debug|ARM.ActiveCfg = Debug|Any CPU
		{A248608C-07B9-4943-8757-DC46A7A026C6}.Debug|ARM.Build.0 = Debug|Any CPU
		{A248608C-07B9-4943-8757-DC46A7A026C6}.Debug|ARM64.ActiveCfg = Debug|Any CPU
		{A248608C-07B9-4943-8757-DC46A7A026C6}.Debug|ARM64.Build.0 = Debug|Any CPU
		{A248608C-07B9-4943-8757-DC46A7A026C6}.Debug|x64.ActiveCfg = Debug|Any CPU
		{A248608C-07B9-4943-8757-DC46A7A026C6}.Debug|x64.Build.0 = Debug|Any CPU
		{A248608C-07B9-4943-8757-DC46A7A026C6}.Debug|x86.ActiveCfg = Debug|Any CPU
		{A248608C-07B9-4943-8757-DC46A7A026C6}.Debug|x86.Build.0 = Debug|Any CPU
		{A248608C-07B9-4943-8757-DC46A7A026C6}.Release|Any CPU.ActiveCfg = Release|Any CPU
		{A248608C-07B9-4943-8757-DC46A7A026C6}.Release|Any CPU.Build.0 = Release|Any CPU
		{A248608C-07B9-4943-8757-DC46A7A026C6}.Release|ARM.ActiveCfg = Release|Any CPU
		{A248608C-07B9-4943-8757-DC46A7A026C6}.Release|ARM.Build.0 = Release|Any CPU
		{A248608C-07B9-4943-8757-DC46A7A026C6}.Release|ARM64.ActiveCfg = Release|Any CPU
		{A248608C-07B9-4943-8757-DC46A7A026C6}.Release|ARM64.Build.0 = Release|Any CPU
		{A248608C-07B9-4943-8757-DC46A7A026C6}.Release|x64.ActiveCfg = Release|Any CPU
		{A248608C-07B9-4943-8757-DC46A7A026C6}.Release|x64.Build.0 = Release|Any CPU
		{A248608C-07B9-4943-8757-DC46A7A026C6}.Release|x86.ActiveCfg = Release|Any CPU
		{A248608C-07B9-4943-8757-DC46A7A026C6}.Release|x86.Build.0 = Release|Any CPU
		{AD52D262-1AC8-4D34-B223-69827CFC9D4C}.Debug|Any CPU.ActiveCfg = Debug|Any CPU
		{AD52D262-1AC8-4D34-B223-69827CFC9D4C}.Debug|Any CPU.Build.0 = Debug|Any CPU
		{AD52D262-1AC8-4D34-B223-69827CFC9D4C}.Debug|ARM.ActiveCfg = Debug|Any CPU
		{AD52D262-1AC8-4D34-B223-69827CFC9D4C}.Debug|ARM.Build.0 = Debug|Any CPU
		{AD52D262-1AC8-4D34-B223-69827CFC9D4C}.Debug|ARM64.ActiveCfg = Debug|Any CPU
		{AD52D262-1AC8-4D34-B223-69827CFC9D4C}.Debug|ARM64.Build.0 = Debug|Any CPU
		{AD52D262-1AC8-4D34-B223-69827CFC9D4C}.Debug|x64.ActiveCfg = Debug|Any CPU
		{AD52D262-1AC8-4D34-B223-69827CFC9D4C}.Debug|x64.Build.0 = Debug|Any CPU
		{AD52D262-1AC8-4D34-B223-69827CFC9D4C}.Debug|x86.ActiveCfg = Debug|Any CPU
		{AD52D262-1AC8-4D34-B223-69827CFC9D4C}.Debug|x86.Build.0 = Debug|Any CPU
		{AD52D262-1AC8-4D34-B223-69827CFC9D4C}.Release|Any CPU.ActiveCfg = Release|Any CPU
		{AD52D262-1AC8-4D34-B223-69827CFC9D4C}.Release|Any CPU.Build.0 = Release|Any CPU
		{AD52D262-1AC8-4D34-B223-69827CFC9D4C}.Release|ARM.ActiveCfg = Release|Any CPU
		{AD52D262-1AC8-4D34-B223-69827CFC9D4C}.Release|ARM.Build.0 = Release|Any CPU
		{AD52D262-1AC8-4D34-B223-69827CFC9D4C}.Release|ARM64.ActiveCfg = Release|Any CPU
		{AD52D262-1AC8-4D34-B223-69827CFC9D4C}.Release|ARM64.Build.0 = Release|Any CPU
		{AD52D262-1AC8-4D34-B223-69827CFC9D4C}.Release|x64.ActiveCfg = Release|Any CPU
		{AD52D262-1AC8-4D34-B223-69827CFC9D4C}.Release|x64.Build.0 = Release|Any CPU
		{AD52D262-1AC8-4D34-B223-69827CFC9D4C}.Release|x86.ActiveCfg = Release|Any CPU
		{AD52D262-1AC8-4D34-B223-69827CFC9D4C}.Release|x86.Build.0 = Release|Any CPU
		{E68B1329-8BCB-4B89-B31B-CE90ED58F71A}.Debug|Any CPU.ActiveCfg = Debug|Any CPU
		{E68B1329-8BCB-4B89-B31B-CE90ED58F71A}.Debug|Any CPU.Build.0 = Debug|Any CPU
		{E68B1329-8BCB-4B89-B31B-CE90ED58F71A}.Debug|ARM.ActiveCfg = Debug|Any CPU
		{E68B1329-8BCB-4B89-B31B-CE90ED58F71A}.Debug|ARM.Build.0 = Debug|Any CPU
		{E68B1329-8BCB-4B89-B31B-CE90ED58F71A}.Debug|ARM64.ActiveCfg = Debug|Any CPU
		{E68B1329-8BCB-4B89-B31B-CE90ED58F71A}.Debug|ARM64.Build.0 = Debug|Any CPU
		{E68B1329-8BCB-4B89-B31B-CE90ED58F71A}.Debug|x64.ActiveCfg = Debug|Any CPU
		{E68B1329-8BCB-4B89-B31B-CE90ED58F71A}.Debug|x64.Build.0 = Debug|Any CPU
		{E68B1329-8BCB-4B89-B31B-CE90ED58F71A}.Debug|x86.ActiveCfg = Debug|Any CPU
		{E68B1329-8BCB-4B89-B31B-CE90ED58F71A}.Debug|x86.Build.0 = Debug|Any CPU
		{E68B1329-8BCB-4B89-B31B-CE90ED58F71A}.Release|Any CPU.ActiveCfg = Release|Any CPU
		{E68B1329-8BCB-4B89-B31B-CE90ED58F71A}.Release|Any CPU.Build.0 = Release|Any CPU
		{E68B1329-8BCB-4B89-B31B-CE90ED58F71A}.Release|ARM.ActiveCfg = Release|Any CPU
		{E68B1329-8BCB-4B89-B31B-CE90ED58F71A}.Release|ARM.Build.0 = Release|Any CPU
		{E68B1329-8BCB-4B89-B31B-CE90ED58F71A}.Release|ARM64.ActiveCfg = Release|Any CPU
		{E68B1329-8BCB-4B89-B31B-CE90ED58F71A}.Release|ARM64.Build.0 = Release|Any CPU
		{E68B1329-8BCB-4B89-B31B-CE90ED58F71A}.Release|x64.ActiveCfg = Release|Any CPU
		{E68B1329-8BCB-4B89-B31B-CE90ED58F71A}.Release|x64.Build.0 = Release|Any CPU
		{E68B1329-8BCB-4B89-B31B-CE90ED58F71A}.Release|x86.ActiveCfg = Release|Any CPU
		{E68B1329-8BCB-4B89-B31B-CE90ED58F71A}.Release|x86.Build.0 = Release|Any CPU
		{1EB7F50F-83F4-43F4-9870-725FB28A6D4E}.Debug|Any CPU.ActiveCfg = Debug|Any CPU
		{1EB7F50F-83F4-43F4-9870-725FB28A6D4E}.Debug|Any CPU.Build.0 = Debug|Any CPU
		{1EB7F50F-83F4-43F4-9870-725FB28A6D4E}.Debug|ARM.ActiveCfg = Debug|Any CPU
		{1EB7F50F-83F4-43F4-9870-725FB28A6D4E}.Debug|ARM.Build.0 = Debug|Any CPU
		{1EB7F50F-83F4-43F4-9870-725FB28A6D4E}.Debug|ARM64.ActiveCfg = Debug|Any CPU
		{1EB7F50F-83F4-43F4-9870-725FB28A6D4E}.Debug|ARM64.Build.0 = Debug|Any CPU
		{1EB7F50F-83F4-43F4-9870-725FB28A6D4E}.Debug|x64.ActiveCfg = Debug|Any CPU
		{1EB7F50F-83F4-43F4-9870-725FB28A6D4E}.Debug|x64.Build.0 = Debug|Any CPU
		{1EB7F50F-83F4-43F4-9870-725FB28A6D4E}.Debug|x86.ActiveCfg = Debug|Any CPU
		{1EB7F50F-83F4-43F4-9870-725FB28A6D4E}.Debug|x86.Build.0 = Debug|Any CPU
		{1EB7F50F-83F4-43F4-9870-725FB28A6D4E}.Release|Any CPU.ActiveCfg = Release|Any CPU
		{1EB7F50F-83F4-43F4-9870-725FB28A6D4E}.Release|Any CPU.Build.0 = Release|Any CPU
		{1EB7F50F-83F4-43F4-9870-725FB28A6D4E}.Release|ARM.ActiveCfg = Release|Any CPU
		{1EB7F50F-83F4-43F4-9870-725FB28A6D4E}.Release|ARM.Build.0 = Release|Any CPU
		{1EB7F50F-83F4-43F4-9870-725FB28A6D4E}.Release|ARM64.ActiveCfg = Release|Any CPU
		{1EB7F50F-83F4-43F4-9870-725FB28A6D4E}.Release|ARM64.Build.0 = Release|Any CPU
		{1EB7F50F-83F4-43F4-9870-725FB28A6D4E}.Release|x64.ActiveCfg = Release|Any CPU
		{1EB7F50F-83F4-43F4-9870-725FB28A6D4E}.Release|x64.Build.0 = Release|Any CPU
		{1EB7F50F-83F4-43F4-9870-725FB28A6D4E}.Release|x86.ActiveCfg = Release|Any CPU
		{1EB7F50F-83F4-43F4-9870-725FB28A6D4E}.Release|x86.Build.0 = Release|Any CPU
		{27B1654B-3CC0-4396-93D0-6409CD9BE1DC}.Debug|Any CPU.ActiveCfg = Debug|Any CPU
		{27B1654B-3CC0-4396-93D0-6409CD9BE1DC}.Debug|Any CPU.Build.0 = Debug|Any CPU
		{27B1654B-3CC0-4396-93D0-6409CD9BE1DC}.Debug|ARM.ActiveCfg = Debug|Any CPU
		{27B1654B-3CC0-4396-93D0-6409CD9BE1DC}.Debug|ARM.Build.0 = Debug|Any CPU
		{27B1654B-3CC0-4396-93D0-6409CD9BE1DC}.Debug|ARM64.ActiveCfg = Debug|Any CPU
		{27B1654B-3CC0-4396-93D0-6409CD9BE1DC}.Debug|ARM64.Build.0 = Debug|Any CPU
		{27B1654B-3CC0-4396-93D0-6409CD9BE1DC}.Debug|x64.ActiveCfg = Debug|Any CPU
		{27B1654B-3CC0-4396-93D0-6409CD9BE1DC}.Debug|x64.Build.0 = Debug|Any CPU
		{27B1654B-3CC0-4396-93D0-6409CD9BE1DC}.Debug|x86.ActiveCfg = Debug|Any CPU
		{27B1654B-3CC0-4396-93D0-6409CD9BE1DC}.Debug|x86.Build.0 = Debug|Any CPU
		{27B1654B-3CC0-4396-93D0-6409CD9BE1DC}.Release|Any CPU.ActiveCfg = Release|Any CPU
		{27B1654B-3CC0-4396-93D0-6409CD9BE1DC}.Release|Any CPU.Build.0 = Release|Any CPU
		{27B1654B-3CC0-4396-93D0-6409CD9BE1DC}.Release|ARM.ActiveCfg = Release|Any CPU
		{27B1654B-3CC0-4396-93D0-6409CD9BE1DC}.Release|ARM.Build.0 = Release|Any CPU
		{27B1654B-3CC0-4396-93D0-6409CD9BE1DC}.Release|ARM64.ActiveCfg = Release|Any CPU
		{27B1654B-3CC0-4396-93D0-6409CD9BE1DC}.Release|ARM64.Build.0 = Release|Any CPU
		{27B1654B-3CC0-4396-93D0-6409CD9BE1DC}.Release|x64.ActiveCfg = Release|Any CPU
		{27B1654B-3CC0-4396-93D0-6409CD9BE1DC}.Release|x64.Build.0 = Release|Any CPU
		{27B1654B-3CC0-4396-93D0-6409CD9BE1DC}.Release|x86.ActiveCfg = Release|Any CPU
		{27B1654B-3CC0-4396-93D0-6409CD9BE1DC}.Release|x86.Build.0 = Release|Any CPU
		{F7971F6C-DCD3-447C-A466-347A00C1C421}.Debug|Any CPU.ActiveCfg = Debug|Any CPU
		{F7971F6C-DCD3-447C-A466-347A00C1C421}.Debug|Any CPU.Build.0 = Debug|Any CPU
		{F7971F6C-DCD3-447C-A466-347A00C1C421}.Debug|ARM.ActiveCfg = Debug|Any CPU
		{F7971F6C-DCD3-447C-A466-347A00C1C421}.Debug|ARM.Build.0 = Debug|Any CPU
		{F7971F6C-DCD3-447C-A466-347A00C1C421}.Debug|ARM64.ActiveCfg = Debug|Any CPU
		{F7971F6C-DCD3-447C-A466-347A00C1C421}.Debug|ARM64.Build.0 = Debug|Any CPU
		{F7971F6C-DCD3-447C-A466-347A00C1C421}.Debug|x64.ActiveCfg = Debug|Any CPU
		{F7971F6C-DCD3-447C-A466-347A00C1C421}.Debug|x64.Build.0 = Debug|Any CPU
		{F7971F6C-DCD3-447C-A466-347A00C1C421}.Debug|x86.ActiveCfg = Debug|Any CPU
		{F7971F6C-DCD3-447C-A466-347A00C1C421}.Debug|x86.Build.0 = Debug|Any CPU
		{F7971F6C-DCD3-447C-A466-347A00C1C421}.Release|Any CPU.ActiveCfg = Release|Any CPU
		{F7971F6C-DCD3-447C-A466-347A00C1C421}.Release|Any CPU.Build.0 = Release|Any CPU
		{F7971F6C-DCD3-447C-A466-347A00C1C421}.Release|ARM.ActiveCfg = Release|Any CPU
		{F7971F6C-DCD3-447C-A466-347A00C1C421}.Release|ARM.Build.0 = Release|Any CPU
		{F7971F6C-DCD3-447C-A466-347A00C1C421}.Release|ARM64.ActiveCfg = Release|Any CPU
		{F7971F6C-DCD3-447C-A466-347A00C1C421}.Release|ARM64.Build.0 = Release|Any CPU
		{F7971F6C-DCD3-447C-A466-347A00C1C421}.Release|x64.ActiveCfg = Release|Any CPU
		{F7971F6C-DCD3-447C-A466-347A00C1C421}.Release|x64.Build.0 = Release|Any CPU
		{F7971F6C-DCD3-447C-A466-347A00C1C421}.Release|x86.ActiveCfg = Release|Any CPU
		{F7971F6C-DCD3-447C-A466-347A00C1C421}.Release|x86.Build.0 = Release|Any CPU
		{CA11DBD4-79E6-41D6-8CA7-77E0841EA80C}.Debug|Any CPU.ActiveCfg = Debug|Any CPU
		{CA11DBD4-79E6-41D6-8CA7-77E0841EA80C}.Debug|Any CPU.Build.0 = Debug|Any CPU
		{CA11DBD4-79E6-41D6-8CA7-77E0841EA80C}.Debug|ARM.ActiveCfg = Debug|Any CPU
		{CA11DBD4-79E6-41D6-8CA7-77E0841EA80C}.Debug|ARM.Build.0 = Debug|Any CPU
		{CA11DBD4-79E6-41D6-8CA7-77E0841EA80C}.Debug|ARM64.ActiveCfg = Debug|Any CPU
		{CA11DBD4-79E6-41D6-8CA7-77E0841EA80C}.Debug|ARM64.Build.0 = Debug|Any CPU
		{CA11DBD4-79E6-41D6-8CA7-77E0841EA80C}.Debug|x64.ActiveCfg = Debug|Any CPU
		{CA11DBD4-79E6-41D6-8CA7-77E0841EA80C}.Debug|x64.Build.0 = Debug|Any CPU
		{CA11DBD4-79E6-41D6-8CA7-77E0841EA80C}.Debug|x86.ActiveCfg = Debug|Any CPU
		{CA11DBD4-79E6-41D6-8CA7-77E0841EA80C}.Debug|x86.Build.0 = Debug|Any CPU
		{CA11DBD4-79E6-41D6-8CA7-77E0841EA80C}.Release|Any CPU.ActiveCfg = Release|Any CPU
		{CA11DBD4-79E6-41D6-8CA7-77E0841EA80C}.Release|Any CPU.Build.0 = Release|Any CPU
		{CA11DBD4-79E6-41D6-8CA7-77E0841EA80C}.Release|ARM.ActiveCfg = Release|Any CPU
		{CA11DBD4-79E6-41D6-8CA7-77E0841EA80C}.Release|ARM.Build.0 = Release|Any CPU
		{CA11DBD4-79E6-41D6-8CA7-77E0841EA80C}.Release|ARM64.ActiveCfg = Release|Any CPU
		{CA11DBD4-79E6-41D6-8CA7-77E0841EA80C}.Release|ARM64.Build.0 = Release|Any CPU
		{CA11DBD4-79E6-41D6-8CA7-77E0841EA80C}.Release|x64.ActiveCfg = Release|Any CPU
		{CA11DBD4-79E6-41D6-8CA7-77E0841EA80C}.Release|x64.Build.0 = Release|Any CPU
		{CA11DBD4-79E6-41D6-8CA7-77E0841EA80C}.Release|x86.ActiveCfg = Release|Any CPU
		{CA11DBD4-79E6-41D6-8CA7-77E0841EA80C}.Release|x86.Build.0 = Release|Any CPU
		{8B707502-F50D-4A06-9A47-1E103A0D64C4}.Debug|Any CPU.ActiveCfg = Debug|Any CPU
		{8B707502-F50D-4A06-9A47-1E103A0D64C4}.Debug|Any CPU.Build.0 = Debug|Any CPU
		{8B707502-F50D-4A06-9A47-1E103A0D64C4}.Debug|ARM.ActiveCfg = Debug|Any CPU
		{8B707502-F50D-4A06-9A47-1E103A0D64C4}.Debug|ARM.Build.0 = Debug|Any CPU
		{8B707502-F50D-4A06-9A47-1E103A0D64C4}.Debug|ARM64.ActiveCfg = Debug|Any CPU
		{8B707502-F50D-4A06-9A47-1E103A0D64C4}.Debug|ARM64.Build.0 = Debug|Any CPU
		{8B707502-F50D-4A06-9A47-1E103A0D64C4}.Debug|x64.ActiveCfg = Debug|Any CPU
		{8B707502-F50D-4A06-9A47-1E103A0D64C4}.Debug|x64.Build.0 = Debug|Any CPU
		{8B707502-F50D-4A06-9A47-1E103A0D64C4}.Debug|x86.ActiveCfg = Debug|Any CPU
		{8B707502-F50D-4A06-9A47-1E103A0D64C4}.Debug|x86.Build.0 = Debug|Any CPU
		{8B707502-F50D-4A06-9A47-1E103A0D64C4}.Release|Any CPU.ActiveCfg = Release|Any CPU
		{8B707502-F50D-4A06-9A47-1E103A0D64C4}.Release|Any CPU.Build.0 = Release|Any CPU
		{8B707502-F50D-4A06-9A47-1E103A0D64C4}.Release|ARM.ActiveCfg = Release|Any CPU
		{8B707502-F50D-4A06-9A47-1E103A0D64C4}.Release|ARM.Build.0 = Release|Any CPU
		{8B707502-F50D-4A06-9A47-1E103A0D64C4}.Release|ARM64.ActiveCfg = Release|Any CPU
		{8B707502-F50D-4A06-9A47-1E103A0D64C4}.Release|ARM64.Build.0 = Release|Any CPU
		{8B707502-F50D-4A06-9A47-1E103A0D64C4}.Release|x64.ActiveCfg = Release|Any CPU
		{8B707502-F50D-4A06-9A47-1E103A0D64C4}.Release|x64.Build.0 = Release|Any CPU
		{8B707502-F50D-4A06-9A47-1E103A0D64C4}.Release|x86.ActiveCfg = Release|Any CPU
		{8B707502-F50D-4A06-9A47-1E103A0D64C4}.Release|x86.Build.0 = Release|Any CPU
		{A3EEF51F-6A5D-4EC3-B550-636F7BA2E18B}.Debug|Any CPU.ActiveCfg = Debug|Any CPU
		{A3EEF51F-6A5D-4EC3-B550-636F7BA2E18B}.Debug|Any CPU.Build.0 = Debug|Any CPU
		{A3EEF51F-6A5D-4EC3-B550-636F7BA2E18B}.Debug|ARM.ActiveCfg = Debug|Any CPU
		{A3EEF51F-6A5D-4EC3-B550-636F7BA2E18B}.Debug|ARM.Build.0 = Debug|Any CPU
		{A3EEF51F-6A5D-4EC3-B550-636F7BA2E18B}.Debug|ARM64.ActiveCfg = Debug|Any CPU
		{A3EEF51F-6A5D-4EC3-B550-636F7BA2E18B}.Debug|ARM64.Build.0 = Debug|Any CPU
		{A3EEF51F-6A5D-4EC3-B550-636F7BA2E18B}.Debug|x64.ActiveCfg = Debug|Any CPU
		{A3EEF51F-6A5D-4EC3-B550-636F7BA2E18B}.Debug|x64.Build.0 = Debug|Any CPU
		{A3EEF51F-6A5D-4EC3-B550-636F7BA2E18B}.Debug|x86.ActiveCfg = Debug|Any CPU
		{A3EEF51F-6A5D-4EC3-B550-636F7BA2E18B}.Debug|x86.Build.0 = Debug|Any CPU
		{A3EEF51F-6A5D-4EC3-B550-636F7BA2E18B}.Release|Any CPU.ActiveCfg = Release|Any CPU
		{A3EEF51F-6A5D-4EC3-B550-636F7BA2E18B}.Release|Any CPU.Build.0 = Release|Any CPU
		{A3EEF51F-6A5D-4EC3-B550-636F7BA2E18B}.Release|ARM.ActiveCfg = Release|Any CPU
		{A3EEF51F-6A5D-4EC3-B550-636F7BA2E18B}.Release|ARM.Build.0 = Release|Any CPU
		{A3EEF51F-6A5D-4EC3-B550-636F7BA2E18B}.Release|ARM64.ActiveCfg = Release|Any CPU
		{A3EEF51F-6A5D-4EC3-B550-636F7BA2E18B}.Release|ARM64.Build.0 = Release|Any CPU
		{A3EEF51F-6A5D-4EC3-B550-636F7BA2E18B}.Release|x64.ActiveCfg = Release|Any CPU
		{A3EEF51F-6A5D-4EC3-B550-636F7BA2E18B}.Release|x64.Build.0 = Release|Any CPU
		{A3EEF51F-6A5D-4EC3-B550-636F7BA2E18B}.Release|x86.ActiveCfg = Release|Any CPU
		{A3EEF51F-6A5D-4EC3-B550-636F7BA2E18B}.Release|x86.Build.0 = Release|Any CPU
		{5806130D-4011-4FDD-A621-AF87432A1C16}.Debug|Any CPU.ActiveCfg = Debug|Any CPU
		{5806130D-4011-4FDD-A621-AF87432A1C16}.Debug|Any CPU.Build.0 = Debug|Any CPU
		{5806130D-4011-4FDD-A621-AF87432A1C16}.Debug|ARM.ActiveCfg = Debug|Any CPU
		{5806130D-4011-4FDD-A621-AF87432A1C16}.Debug|ARM.Build.0 = Debug|Any CPU
		{5806130D-4011-4FDD-A621-AF87432A1C16}.Debug|ARM64.ActiveCfg = Debug|Any CPU
		{5806130D-4011-4FDD-A621-AF87432A1C16}.Debug|ARM64.Build.0 = Debug|Any CPU
		{5806130D-4011-4FDD-A621-AF87432A1C16}.Debug|x64.ActiveCfg = Debug|Any CPU
		{5806130D-4011-4FDD-A621-AF87432A1C16}.Debug|x64.Build.0 = Debug|Any CPU
		{5806130D-4011-4FDD-A621-AF87432A1C16}.Debug|x86.ActiveCfg = Debug|Any CPU
		{5806130D-4011-4FDD-A621-AF87432A1C16}.Debug|x86.Build.0 = Debug|Any CPU
		{5806130D-4011-4FDD-A621-AF87432A1C16}.Release|Any CPU.ActiveCfg = Release|Any CPU
		{5806130D-4011-4FDD-A621-AF87432A1C16}.Release|Any CPU.Build.0 = Release|Any CPU
		{5806130D-4011-4FDD-A621-AF87432A1C16}.Release|ARM.ActiveCfg = Release|Any CPU
		{5806130D-4011-4FDD-A621-AF87432A1C16}.Release|ARM.Build.0 = Release|Any CPU
		{5806130D-4011-4FDD-A621-AF87432A1C16}.Release|ARM64.ActiveCfg = Release|Any CPU
		{5806130D-4011-4FDD-A621-AF87432A1C16}.Release|ARM64.Build.0 = Release|Any CPU
		{5806130D-4011-4FDD-A621-AF87432A1C16}.Release|x64.ActiveCfg = Release|Any CPU
		{5806130D-4011-4FDD-A621-AF87432A1C16}.Release|x64.Build.0 = Release|Any CPU
		{5806130D-4011-4FDD-A621-AF87432A1C16}.Release|x86.ActiveCfg = Release|Any CPU
		{5806130D-4011-4FDD-A621-AF87432A1C16}.Release|x86.Build.0 = Release|Any CPU
		{CDC875F9-7799-4DB7-B9C5-ED499C3360D6}.Debug|Any CPU.ActiveCfg = Debug|Any CPU
		{CDC875F9-7799-4DB7-B9C5-ED499C3360D6}.Debug|Any CPU.Build.0 = Debug|Any CPU
		{CDC875F9-7799-4DB7-B9C5-ED499C3360D6}.Debug|ARM.ActiveCfg = Debug|Any CPU
		{CDC875F9-7799-4DB7-B9C5-ED499C3360D6}.Debug|ARM.Build.0 = Debug|Any CPU
		{CDC875F9-7799-4DB7-B9C5-ED499C3360D6}.Debug|ARM64.ActiveCfg = Debug|Any CPU
		{CDC875F9-7799-4DB7-B9C5-ED499C3360D6}.Debug|ARM64.Build.0 = Debug|Any CPU
		{CDC875F9-7799-4DB7-B9C5-ED499C3360D6}.Debug|x64.ActiveCfg = Debug|Any CPU
		{CDC875F9-7799-4DB7-B9C5-ED499C3360D6}.Debug|x64.Build.0 = Debug|Any CPU
		{CDC875F9-7799-4DB7-B9C5-ED499C3360D6}.Debug|x86.ActiveCfg = Debug|Any CPU
		{CDC875F9-7799-4DB7-B9C5-ED499C3360D6}.Debug|x86.Build.0 = Debug|Any CPU
		{CDC875F9-7799-4DB7-B9C5-ED499C3360D6}.Release|Any CPU.ActiveCfg = Release|Any CPU
		{CDC875F9-7799-4DB7-B9C5-ED499C3360D6}.Release|Any CPU.Build.0 = Release|Any CPU
		{CDC875F9-7799-4DB7-B9C5-ED499C3360D6}.Release|ARM.ActiveCfg = Release|Any CPU
		{CDC875F9-7799-4DB7-B9C5-ED499C3360D6}.Release|ARM.Build.0 = Release|Any CPU
		{CDC875F9-7799-4DB7-B9C5-ED499C3360D6}.Release|ARM64.ActiveCfg = Release|Any CPU
		{CDC875F9-7799-4DB7-B9C5-ED499C3360D6}.Release|ARM64.Build.0 = Release|Any CPU
		{CDC875F9-7799-4DB7-B9C5-ED499C3360D6}.Release|x64.ActiveCfg = Release|Any CPU
		{CDC875F9-7799-4DB7-B9C5-ED499C3360D6}.Release|x64.Build.0 = Release|Any CPU
		{CDC875F9-7799-4DB7-B9C5-ED499C3360D6}.Release|x86.ActiveCfg = Release|Any CPU
		{CDC875F9-7799-4DB7-B9C5-ED499C3360D6}.Release|x86.Build.0 = Release|Any CPU
		{6B432F6E-E601-40FD-9EAA-CA7007A06CA9}.Debug|Any CPU.ActiveCfg = Debug|Any CPU
		{6B432F6E-E601-40FD-9EAA-CA7007A06CA9}.Debug|Any CPU.Build.0 = Debug|Any CPU
		{6B432F6E-E601-40FD-9EAA-CA7007A06CA9}.Debug|ARM.ActiveCfg = Debug|Any CPU
		{6B432F6E-E601-40FD-9EAA-CA7007A06CA9}.Debug|ARM.Build.0 = Debug|Any CPU
		{6B432F6E-E601-40FD-9EAA-CA7007A06CA9}.Debug|ARM64.ActiveCfg = Debug|Any CPU
		{6B432F6E-E601-40FD-9EAA-CA7007A06CA9}.Debug|ARM64.Build.0 = Debug|Any CPU
		{6B432F6E-E601-40FD-9EAA-CA7007A06CA9}.Debug|x64.ActiveCfg = Debug|Any CPU
		{6B432F6E-E601-40FD-9EAA-CA7007A06CA9}.Debug|x64.Build.0 = Debug|Any CPU
		{6B432F6E-E601-40FD-9EAA-CA7007A06CA9}.Debug|x86.ActiveCfg = Debug|Any CPU
		{6B432F6E-E601-40FD-9EAA-CA7007A06CA9}.Debug|x86.Build.0 = Debug|Any CPU
		{6B432F6E-E601-40FD-9EAA-CA7007A06CA9}.Release|Any CPU.ActiveCfg = Release|Any CPU
		{6B432F6E-E601-40FD-9EAA-CA7007A06CA9}.Release|Any CPU.Build.0 = Release|Any CPU
		{6B432F6E-E601-40FD-9EAA-CA7007A06CA9}.Release|ARM.ActiveCfg = Release|Any CPU
		{6B432F6E-E601-40FD-9EAA-CA7007A06CA9}.Release|ARM.Build.0 = Release|Any CPU
		{6B432F6E-E601-40FD-9EAA-CA7007A06CA9}.Release|ARM64.ActiveCfg = Release|Any CPU
		{6B432F6E-E601-40FD-9EAA-CA7007A06CA9}.Release|ARM64.Build.0 = Release|Any CPU
		{6B432F6E-E601-40FD-9EAA-CA7007A06CA9}.Release|x64.ActiveCfg = Release|Any CPU
		{6B432F6E-E601-40FD-9EAA-CA7007A06CA9}.Release|x64.Build.0 = Release|Any CPU
		{6B432F6E-E601-40FD-9EAA-CA7007A06CA9}.Release|x86.ActiveCfg = Release|Any CPU
		{6B432F6E-E601-40FD-9EAA-CA7007A06CA9}.Release|x86.Build.0 = Release|Any CPU
		{9E350F2C-7657-40D1-AF4B-9CD88EC823DD}.Debug|Any CPU.ActiveCfg = Debug|Any CPU
		{9E350F2C-7657-40D1-AF4B-9CD88EC823DD}.Debug|Any CPU.Build.0 = Debug|Any CPU
		{9E350F2C-7657-40D1-AF4B-9CD88EC823DD}.Debug|ARM.ActiveCfg = Debug|Any CPU
		{9E350F2C-7657-40D1-AF4B-9CD88EC823DD}.Debug|ARM.Build.0 = Debug|Any CPU
		{9E350F2C-7657-40D1-AF4B-9CD88EC823DD}.Debug|ARM64.ActiveCfg = Debug|Any CPU
		{9E350F2C-7657-40D1-AF4B-9CD88EC823DD}.Debug|ARM64.Build.0 = Debug|Any CPU
		{9E350F2C-7657-40D1-AF4B-9CD88EC823DD}.Debug|x64.ActiveCfg = Debug|Any CPU
		{9E350F2C-7657-40D1-AF4B-9CD88EC823DD}.Debug|x64.Build.0 = Debug|Any CPU
		{9E350F2C-7657-40D1-AF4B-9CD88EC823DD}.Debug|x86.ActiveCfg = Debug|Any CPU
		{9E350F2C-7657-40D1-AF4B-9CD88EC823DD}.Debug|x86.Build.0 = Debug|Any CPU
		{9E350F2C-7657-40D1-AF4B-9CD88EC823DD}.Release|Any CPU.ActiveCfg = Release|Any CPU
		{9E350F2C-7657-40D1-AF4B-9CD88EC823DD}.Release|Any CPU.Build.0 = Release|Any CPU
		{9E350F2C-7657-40D1-AF4B-9CD88EC823DD}.Release|ARM.ActiveCfg = Release|Any CPU
		{9E350F2C-7657-40D1-AF4B-9CD88EC823DD}.Release|ARM.Build.0 = Release|Any CPU
		{9E350F2C-7657-40D1-AF4B-9CD88EC823DD}.Release|ARM64.ActiveCfg = Release|Any CPU
		{9E350F2C-7657-40D1-AF4B-9CD88EC823DD}.Release|ARM64.Build.0 = Release|Any CPU
		{9E350F2C-7657-40D1-AF4B-9CD88EC823DD}.Release|x64.ActiveCfg = Release|Any CPU
		{9E350F2C-7657-40D1-AF4B-9CD88EC823DD}.Release|x64.Build.0 = Release|Any CPU
		{9E350F2C-7657-40D1-AF4B-9CD88EC823DD}.Release|x86.ActiveCfg = Release|Any CPU
		{9E350F2C-7657-40D1-AF4B-9CD88EC823DD}.Release|x86.Build.0 = Release|Any CPU
		{161BFBB8-4309-4423-A3C3-C0274A8E6A1A}.Debug|Any CPU.ActiveCfg = Debug|Any CPU
		{161BFBB8-4309-4423-A3C3-C0274A8E6A1A}.Debug|Any CPU.Build.0 = Debug|Any CPU
		{161BFBB8-4309-4423-A3C3-C0274A8E6A1A}.Debug|ARM.ActiveCfg = Debug|Any CPU
		{161BFBB8-4309-4423-A3C3-C0274A8E6A1A}.Debug|ARM.Build.0 = Debug|Any CPU
		{161BFBB8-4309-4423-A3C3-C0274A8E6A1A}.Debug|ARM64.ActiveCfg = Debug|Any CPU
		{161BFBB8-4309-4423-A3C3-C0274A8E6A1A}.Debug|ARM64.Build.0 = Debug|Any CPU
		{161BFBB8-4309-4423-A3C3-C0274A8E6A1A}.Debug|x64.ActiveCfg = Debug|Any CPU
		{161BFBB8-4309-4423-A3C3-C0274A8E6A1A}.Debug|x64.Build.0 = Debug|Any CPU
		{161BFBB8-4309-4423-A3C3-C0274A8E6A1A}.Debug|x86.ActiveCfg = Debug|Any CPU
		{161BFBB8-4309-4423-A3C3-C0274A8E6A1A}.Debug|x86.Build.0 = Debug|Any CPU
		{161BFBB8-4309-4423-A3C3-C0274A8E6A1A}.Release|Any CPU.ActiveCfg = Release|Any CPU
		{161BFBB8-4309-4423-A3C3-C0274A8E6A1A}.Release|Any CPU.Build.0 = Release|Any CPU
		{161BFBB8-4309-4423-A3C3-C0274A8E6A1A}.Release|ARM.ActiveCfg = Release|Any CPU
		{161BFBB8-4309-4423-A3C3-C0274A8E6A1A}.Release|ARM.Build.0 = Release|Any CPU
		{161BFBB8-4309-4423-A3C3-C0274A8E6A1A}.Release|ARM64.ActiveCfg = Release|Any CPU
		{161BFBB8-4309-4423-A3C3-C0274A8E6A1A}.Release|ARM64.Build.0 = Release|Any CPU
		{161BFBB8-4309-4423-A3C3-C0274A8E6A1A}.Release|x64.ActiveCfg = Release|Any CPU
		{161BFBB8-4309-4423-A3C3-C0274A8E6A1A}.Release|x64.Build.0 = Release|Any CPU
		{161BFBB8-4309-4423-A3C3-C0274A8E6A1A}.Release|x86.ActiveCfg = Release|Any CPU
		{161BFBB8-4309-4423-A3C3-C0274A8E6A1A}.Release|x86.Build.0 = Release|Any CPU
		{FB963262-2DBB-4EEA-BF24-5119CADB13EC}.Debug|Any CPU.ActiveCfg = Debug|Any CPU
		{FB963262-2DBB-4EEA-BF24-5119CADB13EC}.Debug|Any CPU.Build.0 = Debug|Any CPU
		{FB963262-2DBB-4EEA-BF24-5119CADB13EC}.Debug|ARM.ActiveCfg = Debug|Any CPU
		{FB963262-2DBB-4EEA-BF24-5119CADB13EC}.Debug|ARM.Build.0 = Debug|Any CPU
		{FB963262-2DBB-4EEA-BF24-5119CADB13EC}.Debug|ARM64.ActiveCfg = Debug|Any CPU
		{FB963262-2DBB-4EEA-BF24-5119CADB13EC}.Debug|ARM64.Build.0 = Debug|Any CPU
		{FB963262-2DBB-4EEA-BF24-5119CADB13EC}.Debug|x64.ActiveCfg = Debug|Any CPU
		{FB963262-2DBB-4EEA-BF24-5119CADB13EC}.Debug|x64.Build.0 = Debug|Any CPU
		{FB963262-2DBB-4EEA-BF24-5119CADB13EC}.Debug|x86.ActiveCfg = Debug|Any CPU
		{FB963262-2DBB-4EEA-BF24-5119CADB13EC}.Debug|x86.Build.0 = Debug|Any CPU
		{FB963262-2DBB-4EEA-BF24-5119CADB13EC}.Release|Any CPU.ActiveCfg = Release|Any CPU
		{FB963262-2DBB-4EEA-BF24-5119CADB13EC}.Release|Any CPU.Build.0 = Release|Any CPU
		{FB963262-2DBB-4EEA-BF24-5119CADB13EC}.Release|ARM.ActiveCfg = Release|Any CPU
		{FB963262-2DBB-4EEA-BF24-5119CADB13EC}.Release|ARM.Build.0 = Release|Any CPU
		{FB963262-2DBB-4EEA-BF24-5119CADB13EC}.Release|ARM64.ActiveCfg = Release|Any CPU
		{FB963262-2DBB-4EEA-BF24-5119CADB13EC}.Release|ARM64.Build.0 = Release|Any CPU
		{FB963262-2DBB-4EEA-BF24-5119CADB13EC}.Release|x64.ActiveCfg = Release|Any CPU
		{FB963262-2DBB-4EEA-BF24-5119CADB13EC}.Release|x64.Build.0 = Release|Any CPU
		{FB963262-2DBB-4EEA-BF24-5119CADB13EC}.Release|x86.ActiveCfg = Release|Any CPU
		{FB963262-2DBB-4EEA-BF24-5119CADB13EC}.Release|x86.Build.0 = Release|Any CPU
		{658E53E9-45D7-419D-8C45-0F69CC18DA22}.Debug|Any CPU.ActiveCfg = Debug|Any CPU
		{658E53E9-45D7-419D-8C45-0F69CC18DA22}.Debug|Any CPU.Build.0 = Debug|Any CPU
		{658E53E9-45D7-419D-8C45-0F69CC18DA22}.Debug|ARM.ActiveCfg = Debug|Any CPU
		{658E53E9-45D7-419D-8C45-0F69CC18DA22}.Debug|ARM.Build.0 = Debug|Any CPU
		{658E53E9-45D7-419D-8C45-0F69CC18DA22}.Debug|ARM64.ActiveCfg = Debug|Any CPU
		{658E53E9-45D7-419D-8C45-0F69CC18DA22}.Debug|ARM64.Build.0 = Debug|Any CPU
		{658E53E9-45D7-419D-8C45-0F69CC18DA22}.Debug|x64.ActiveCfg = Debug|Any CPU
		{658E53E9-45D7-419D-8C45-0F69CC18DA22}.Debug|x64.Build.0 = Debug|Any CPU
		{658E53E9-45D7-419D-8C45-0F69CC18DA22}.Debug|x86.ActiveCfg = Debug|Any CPU
		{658E53E9-45D7-419D-8C45-0F69CC18DA22}.Debug|x86.Build.0 = Debug|Any CPU
		{658E53E9-45D7-419D-8C45-0F69CC18DA22}.Release|Any CPU.ActiveCfg = Release|Any CPU
		{658E53E9-45D7-419D-8C45-0F69CC18DA22}.Release|Any CPU.Build.0 = Release|Any CPU
		{658E53E9-45D7-419D-8C45-0F69CC18DA22}.Release|ARM.ActiveCfg = Release|Any CPU
		{658E53E9-45D7-419D-8C45-0F69CC18DA22}.Release|ARM.Build.0 = Release|Any CPU
		{658E53E9-45D7-419D-8C45-0F69CC18DA22}.Release|ARM64.ActiveCfg = Release|Any CPU
		{658E53E9-45D7-419D-8C45-0F69CC18DA22}.Release|ARM64.Build.0 = Release|Any CPU
		{658E53E9-45D7-419D-8C45-0F69CC18DA22}.Release|x64.ActiveCfg = Release|Any CPU
		{658E53E9-45D7-419D-8C45-0F69CC18DA22}.Release|x64.Build.0 = Release|Any CPU
		{658E53E9-45D7-419D-8C45-0F69CC18DA22}.Release|x86.ActiveCfg = Release|Any CPU
		{658E53E9-45D7-419D-8C45-0F69CC18DA22}.Release|x86.Build.0 = Release|Any CPU
		{9E11D1DB-B773-4E43-B21D-81D0C1F2ABD0}.Debug|Any CPU.ActiveCfg = Debug|Any CPU
		{9E11D1DB-B773-4E43-B21D-81D0C1F2ABD0}.Debug|Any CPU.Build.0 = Debug|Any CPU
		{9E11D1DB-B773-4E43-B21D-81D0C1F2ABD0}.Debug|ARM.ActiveCfg = Debug|Any CPU
		{9E11D1DB-B773-4E43-B21D-81D0C1F2ABD0}.Debug|ARM.Build.0 = Debug|Any CPU
		{9E11D1DB-B773-4E43-B21D-81D0C1F2ABD0}.Debug|ARM64.ActiveCfg = Debug|Any CPU
		{9E11D1DB-B773-4E43-B21D-81D0C1F2ABD0}.Debug|ARM64.Build.0 = Debug|Any CPU
		{9E11D1DB-B773-4E43-B21D-81D0C1F2ABD0}.Debug|x64.ActiveCfg = Debug|Any CPU
		{9E11D1DB-B773-4E43-B21D-81D0C1F2ABD0}.Debug|x64.Build.0 = Debug|Any CPU
		{9E11D1DB-B773-4E43-B21D-81D0C1F2ABD0}.Debug|x86.ActiveCfg = Debug|Any CPU
		{9E11D1DB-B773-4E43-B21D-81D0C1F2ABD0}.Debug|x86.Build.0 = Debug|Any CPU
		{9E11D1DB-B773-4E43-B21D-81D0C1F2ABD0}.Release|Any CPU.ActiveCfg = Release|Any CPU
		{9E11D1DB-B773-4E43-B21D-81D0C1F2ABD0}.Release|Any CPU.Build.0 = Release|Any CPU
		{9E11D1DB-B773-4E43-B21D-81D0C1F2ABD0}.Release|ARM.ActiveCfg = Release|Any CPU
		{9E11D1DB-B773-4E43-B21D-81D0C1F2ABD0}.Release|ARM.Build.0 = Release|Any CPU
		{9E11D1DB-B773-4E43-B21D-81D0C1F2ABD0}.Release|ARM64.ActiveCfg = Release|Any CPU
		{9E11D1DB-B773-4E43-B21D-81D0C1F2ABD0}.Release|ARM64.Build.0 = Release|Any CPU
		{9E11D1DB-B773-4E43-B21D-81D0C1F2ABD0}.Release|x64.ActiveCfg = Release|Any CPU
		{9E11D1DB-B773-4E43-B21D-81D0C1F2ABD0}.Release|x64.Build.0 = Release|Any CPU
		{9E11D1DB-B773-4E43-B21D-81D0C1F2ABD0}.Release|x86.ActiveCfg = Release|Any CPU
		{9E11D1DB-B773-4E43-B21D-81D0C1F2ABD0}.Release|x86.Build.0 = Release|Any CPU
		{DE44BC2D-4A19-4611-82B0-5B9CEE4E10A2}.Debug|Any CPU.ActiveCfg = Debug|Any CPU
		{DE44BC2D-4A19-4611-82B0-5B9CEE4E10A2}.Debug|Any CPU.Build.0 = Debug|Any CPU
		{DE44BC2D-4A19-4611-82B0-5B9CEE4E10A2}.Debug|ARM.ActiveCfg = Debug|Any CPU
		{DE44BC2D-4A19-4611-82B0-5B9CEE4E10A2}.Debug|ARM.Build.0 = Debug|Any CPU
		{DE44BC2D-4A19-4611-82B0-5B9CEE4E10A2}.Debug|ARM64.ActiveCfg = Debug|Any CPU
		{DE44BC2D-4A19-4611-82B0-5B9CEE4E10A2}.Debug|ARM64.Build.0 = Debug|Any CPU
		{DE44BC2D-4A19-4611-82B0-5B9CEE4E10A2}.Debug|x64.ActiveCfg = Debug|Any CPU
		{DE44BC2D-4A19-4611-82B0-5B9CEE4E10A2}.Debug|x64.Build.0 = Debug|Any CPU
		{DE44BC2D-4A19-4611-82B0-5B9CEE4E10A2}.Debug|x86.ActiveCfg = Debug|Any CPU
		{DE44BC2D-4A19-4611-82B0-5B9CEE4E10A2}.Debug|x86.Build.0 = Debug|Any CPU
		{DE44BC2D-4A19-4611-82B0-5B9CEE4E10A2}.Release|Any CPU.ActiveCfg = Release|Any CPU
		{DE44BC2D-4A19-4611-82B0-5B9CEE4E10A2}.Release|Any CPU.Build.0 = Release|Any CPU
		{DE44BC2D-4A19-4611-82B0-5B9CEE4E10A2}.Release|ARM.ActiveCfg = Release|Any CPU
		{DE44BC2D-4A19-4611-82B0-5B9CEE4E10A2}.Release|ARM.Build.0 = Release|Any CPU
		{DE44BC2D-4A19-4611-82B0-5B9CEE4E10A2}.Release|ARM64.ActiveCfg = Release|Any CPU
		{DE44BC2D-4A19-4611-82B0-5B9CEE4E10A2}.Release|ARM64.Build.0 = Release|Any CPU
		{DE44BC2D-4A19-4611-82B0-5B9CEE4E10A2}.Release|x64.ActiveCfg = Release|Any CPU
		{DE44BC2D-4A19-4611-82B0-5B9CEE4E10A2}.Release|x64.Build.0 = Release|Any CPU
		{DE44BC2D-4A19-4611-82B0-5B9CEE4E10A2}.Release|x86.ActiveCfg = Release|Any CPU
		{DE44BC2D-4A19-4611-82B0-5B9CEE4E10A2}.Release|x86.Build.0 = Release|Any CPU
		{610DF63B-7E40-4012-B728-D2CAB588DAD5}.Debug|Any CPU.ActiveCfg = Debug|Any CPU
		{610DF63B-7E40-4012-B728-D2CAB588DAD5}.Debug|Any CPU.Build.0 = Debug|Any CPU
		{610DF63B-7E40-4012-B728-D2CAB588DAD5}.Debug|ARM.ActiveCfg = Debug|Any CPU
		{610DF63B-7E40-4012-B728-D2CAB588DAD5}.Debug|ARM.Build.0 = Debug|Any CPU
		{610DF63B-7E40-4012-B728-D2CAB588DAD5}.Debug|ARM64.ActiveCfg = Debug|Any CPU
		{610DF63B-7E40-4012-B728-D2CAB588DAD5}.Debug|ARM64.Build.0 = Debug|Any CPU
		{610DF63B-7E40-4012-B728-D2CAB588DAD5}.Debug|x64.ActiveCfg = Debug|Any CPU
		{610DF63B-7E40-4012-B728-D2CAB588DAD5}.Debug|x64.Build.0 = Debug|Any CPU
		{610DF63B-7E40-4012-B728-D2CAB588DAD5}.Debug|x86.ActiveCfg = Debug|Any CPU
		{610DF63B-7E40-4012-B728-D2CAB588DAD5}.Debug|x86.Build.0 = Debug|Any CPU
		{610DF63B-7E40-4012-B728-D2CAB588DAD5}.Release|Any CPU.ActiveCfg = Release|Any CPU
		{610DF63B-7E40-4012-B728-D2CAB588DAD5}.Release|Any CPU.Build.0 = Release|Any CPU
		{610DF63B-7E40-4012-B728-D2CAB588DAD5}.Release|ARM.ActiveCfg = Release|Any CPU
		{610DF63B-7E40-4012-B728-D2CAB588DAD5}.Release|ARM.Build.0 = Release|Any CPU
		{610DF63B-7E40-4012-B728-D2CAB588DAD5}.Release|ARM64.ActiveCfg = Release|Any CPU
		{610DF63B-7E40-4012-B728-D2CAB588DAD5}.Release|ARM64.Build.0 = Release|Any CPU
		{610DF63B-7E40-4012-B728-D2CAB588DAD5}.Release|x64.ActiveCfg = Release|Any CPU
		{610DF63B-7E40-4012-B728-D2CAB588DAD5}.Release|x64.Build.0 = Release|Any CPU
		{610DF63B-7E40-4012-B728-D2CAB588DAD5}.Release|x86.ActiveCfg = Release|Any CPU
		{610DF63B-7E40-4012-B728-D2CAB588DAD5}.Release|x86.Build.0 = Release|Any CPU
		{80655A1C-1775-460A-991C-4F40856CBD30}.Debug|Any CPU.ActiveCfg = Debug|Any CPU
		{80655A1C-1775-460A-991C-4F40856CBD30}.Debug|Any CPU.Build.0 = Debug|Any CPU
		{80655A1C-1775-460A-991C-4F40856CBD30}.Debug|ARM.ActiveCfg = Debug|Any CPU
		{80655A1C-1775-460A-991C-4F40856CBD30}.Debug|ARM.Build.0 = Debug|Any CPU
		{80655A1C-1775-460A-991C-4F40856CBD30}.Debug|ARM64.ActiveCfg = Debug|Any CPU
		{80655A1C-1775-460A-991C-4F40856CBD30}.Debug|ARM64.Build.0 = Debug|Any CPU
		{80655A1C-1775-460A-991C-4F40856CBD30}.Debug|x64.ActiveCfg = Debug|Any CPU
		{80655A1C-1775-460A-991C-4F40856CBD30}.Debug|x64.Build.0 = Debug|Any CPU
		{80655A1C-1775-460A-991C-4F40856CBD30}.Debug|x86.ActiveCfg = Debug|Any CPU
		{80655A1C-1775-460A-991C-4F40856CBD30}.Debug|x86.Build.0 = Debug|Any CPU
		{80655A1C-1775-460A-991C-4F40856CBD30}.Release|Any CPU.ActiveCfg = Release|Any CPU
		{80655A1C-1775-460A-991C-4F40856CBD30}.Release|Any CPU.Build.0 = Release|Any CPU
		{80655A1C-1775-460A-991C-4F40856CBD30}.Release|ARM.ActiveCfg = Release|Any CPU
		{80655A1C-1775-460A-991C-4F40856CBD30}.Release|ARM.Build.0 = Release|Any CPU
		{80655A1C-1775-460A-991C-4F40856CBD30}.Release|ARM64.ActiveCfg = Release|Any CPU
		{80655A1C-1775-460A-991C-4F40856CBD30}.Release|ARM64.Build.0 = Release|Any CPU
		{80655A1C-1775-460A-991C-4F40856CBD30}.Release|x64.ActiveCfg = Release|Any CPU
		{80655A1C-1775-460A-991C-4F40856CBD30}.Release|x64.Build.0 = Release|Any CPU
		{80655A1C-1775-460A-991C-4F40856CBD30}.Release|x86.ActiveCfg = Release|Any CPU
		{80655A1C-1775-460A-991C-4F40856CBD30}.Release|x86.Build.0 = Release|Any CPU
	EndGlobalSection
	GlobalSection(SolutionProperties) = preSolution
		HideSolutionNode = FALSE
	EndGlobalSection
	GlobalSection(NestedProjects) = preSolution
		{8F976085-9BA1-4723-A8DF-44A8D67247F0} = {DF26816E-CB76-4099-8153-7546398AD6B7}
		{320D78C4-DFC2-40C4-9D8A-6021B34D0DCF} = {DF26816E-CB76-4099-8153-7546398AD6B7}
		{65961F49-B517-4E45-856B-747A0F9827A9} = {DF26816E-CB76-4099-8153-7546398AD6B7}
		{369126B5-89C1-41FA-9577-88122D22AA33} = {8A8C1BCF-FEE4-42D3-89DC-4E451A4E09A3}
		{7CD367B1-1BB7-4BBA-879D-224EC4EB4EDE} = {8A8C1BCF-FEE4-42D3-89DC-4E451A4E09A3}
		{8B80DCF7-09E3-450B-80EA-8DC2451C2B96} = {8A8C1BCF-FEE4-42D3-89DC-4E451A4E09A3}
		{E3A669E7-3894-4534-9E5E-333BC38C87D3} = {0AE38D98-FF1B-4FA3-B69C-51958DDB8AA2}
		{A248608C-07B9-4943-8757-DC46A7A026C6} = {0AE38D98-FF1B-4FA3-B69C-51958DDB8AA2}
		{AD52D262-1AC8-4D34-B223-69827CFC9D4C} = {0AE38D98-FF1B-4FA3-B69C-51958DDB8AA2}
		{E68B1329-8BCB-4B89-B31B-CE90ED58F71A} = {35CE09A1-1CDF-470E-BCA9-B70DD056CBD7}
		{1EB7F50F-83F4-43F4-9870-725FB28A6D4E} = {35CE09A1-1CDF-470E-BCA9-B70DD056CBD7}
		{27B1654B-3CC0-4396-93D0-6409CD9BE1DC} = {35CE09A1-1CDF-470E-BCA9-B70DD056CBD7}
		{F7971F6C-DCD3-447C-A466-347A00C1C421} = {35CE09A1-1CDF-470E-BCA9-B70DD056CBD7}
		{CA11DBD4-79E6-41D6-8CA7-77E0841EA80C} = {35CE09A1-1CDF-470E-BCA9-B70DD056CBD7}
		{8B707502-F50D-4A06-9A47-1E103A0D64C4} = {35CE09A1-1CDF-470E-BCA9-B70DD056CBD7}
		{A3EEF51F-6A5D-4EC3-B550-636F7BA2E18B} = {7AF3ECD7-1384-4497-8E6D-CB0D60E5E430}
		{5806130D-4011-4FDD-A621-AF87432A1C16} = {7AF3ECD7-1384-4497-8E6D-CB0D60E5E430}
		{CDC875F9-7799-4DB7-B9C5-ED499C3360D6} = {7AF3ECD7-1384-4497-8E6D-CB0D60E5E430}
		{6B432F6E-E601-40FD-9EAA-CA7007A06CA9} = {F5DA7EC2-1A6C-42CB-B2E1-ADD4698C9E13}
		{9E350F2C-7657-40D1-AF4B-9CD88EC823DD} = {F5DA7EC2-1A6C-42CB-B2E1-ADD4698C9E13}
		{161BFBB8-4309-4423-A3C3-C0274A8E6A1A} = {F5DA7EC2-1A6C-42CB-B2E1-ADD4698C9E13}
		{FB963262-2DBB-4EEA-BF24-5119CADB13EC} = {592EA5A4-FD1E-421B-9F45-D6B796E82C7B}
		{658E53E9-45D7-419D-8C45-0F69CC18DA22} = {592EA5A4-FD1E-421B-9F45-D6B796E82C7B}
		{9E11D1DB-B773-4E43-B21D-81D0C1F2ABD0} = {592EA5A4-FD1E-421B-9F45-D6B796E82C7B}
		{DE44BC2D-4A19-4611-82B0-5B9CEE4E10A2} = {8B77F75B-E4CF-4CBE-AA83-C1FF0114736F}
		{610DF63B-7E40-4012-B728-D2CAB588DAD5} = {8B77F75B-E4CF-4CBE-AA83-C1FF0114736F}
		{80655A1C-1775-460A-991C-4F40856CBD30} = {8B77F75B-E4CF-4CBE-AA83-C1FF0114736F}
	EndGlobalSection
	GlobalSection(ExtensibilityGlobals) = postSolution
		SolutionGuid = {F5DA5A05-627E-4C74-A124-4BD7AA052703}
	EndGlobalSection
EndGlobal
